// !$*UTF8*$!
{
	archiveVersion = 1;
	classes = {
	};
	objectVersion = 46;
	objects = {

/* Begin PBXBuildFile section */
		FBC8B15D1C465BE500CF9452 /* main.m in Sources */ = {isa = PBXBuildFile; fileRef = FBC8B15C1C465BE500CF9452 /* main.m */; };
		FBC8B1601C465BE500CF9452 /* AppDelegate.m in Sources */ = {isa = PBXBuildFile; fileRef = FBC8B15F1C465BE500CF9452 /* AppDelegate.m */; };
		FBC8B1631C465BE500CF9452 /* ViewController.m in Sources */ = {isa = PBXBuildFile; fileRef = FBC8B1621C465BE500CF9452 /* ViewController.m */; };
		FBC8B1661C465BE500CF9452 /* Main.storyboard in Resources */ = {isa = PBXBuildFile; fileRef = FBC8B1641C465BE500CF9452 /* Main.storyboard */; };
		FBC8B1681C465BE500CF9452 /* Images.xcassets in Resources */ = {isa = PBXBuildFile; fileRef = FBC8B1671C465BE500CF9452 /* Images.xcassets */; };
		FBC8B16B1C465BE500CF9452 /* LaunchScreen.xib in Resources */ = {isa = PBXBuildFile; fileRef = FBC8B1691C465BE500CF9452 /* LaunchScreen.xib */; };
		FBC8B1771C465BE500CF9452 /* LearnTouchIDTests.m in Sources */ = {isa = PBXBuildFile; fileRef = FBC8B1761C465BE500CF9452 /* LearnTouchIDTests.m */; };
/* End PBXBuildFile section */

/* Begin PBXContainerItemProxy section */
		FBC8B1711C465BE500CF9452 /* PBXContainerItemProxy */ = {
			isa = PBXContainerItemProxy;
			containerPortal = FBC8B14F1C465BE500CF9452 /* Project object */;
			proxyType = 1;
			remoteGlobalIDString = FBC8B1561C465BE500CF9452;
			remoteInfo = LearnTouchID;
		};
/* End PBXContainerItemProxy section */

/* Begin PBXFileReference section */
		FBC8B1571C465BE500CF9452 /* LearnTouchID.app */ = {isa = PBXFileReference; explicitFileType = wrapper.application; includeInIndex = 0; path = LearnTouchID.app; sourceTree = BUILT_PRODUCTS_DIR; };
		FBC8B15B1C465BE500CF9452 /* Info.plist */ = {isa = PBXFileReference; lastKnownFileType = text.plist.xml; path = Info.plist; sourceTree = "<group>"; };
		FBC8B15C1C465BE500CF9452 /* main.m */ = {isa = PBXFileReference; lastKnownFileType = sourcecode.c.objc; path = main.m; sourceTree = "<group>"; };
		FBC8B15E1C465BE500CF9452 /* AppDelegate.h */ = {isa = PBXFileReference; lastKnownFileType = sourcecode.c.h; path = AppDelegate.h; sourceTree = "<group>"; };
		FBC8B15F1C465BE500CF9452 /* AppDelegate.m */ = {isa = PBXFileReference; lastKnownFileType = sourcecode.c.objc; path = AppDelegate.m; sourceTree = "<group>"; };
		FBC8B1611C465BE500CF9452 /* ViewController.h */ = {isa = PBXFileReference; lastKnownFileType = sourcecode.c.h; path = ViewController.h; sourceTree = "<group>"; };
		FBC8B1621C465BE500CF9452 /* ViewController.m */ = {isa = PBXFileReference; lastKnownFileType = sourcecode.c.objc; path = ViewController.m; sourceTree = "<group>"; };
		FBC8B1651C465BE500CF9452 /* Base */ = {isa = PBXFileReference; lastKnownFileType = file.storyboard; name = Base; path = Base.lproj/Main.storyboard; sourceTree = "<group>"; };
		FBC8B1671C465BE500CF9452 /* Images.xcassets */ = {isa = PBXFileReference; lastKnownFileType = folder.assetcatalog; path = Images.xcassets; sourceTree = "<group>"; };
		FBC8B16A1C465BE500CF9452 /* Base */ = {isa = PBXFileReference; lastKnownFileType = file.xib; name = Base; path = Base.lproj/LaunchScreen.xib; sourceTree = "<group>"; };
		FBC8B1701C465BE500CF9452 /* LearnTouchIDTests.xctest */ = {isa = PBXFileReference; explicitFileType = wrapper.cfbundle; includeInIndex = 0; path = LearnTouchIDTests.xctest; sourceTree = BUILT_PRODUCTS_DIR; };
		FBC8B1751C465BE500CF9452 /* Info.plist */ = {isa = PBXFileReference; lastKnownFileType = text.plist.xml; path = Info.plist; sourceTree = "<group>"; };
		FBC8B1761C465BE500CF9452 /* LearnTouchIDTests.m */ = {isa = PBXFileReference; lastKnownFileType = sourcecode.c.objc; path = LearnTouchIDTests.m; sourceTree = "<group>"; };
/* End PBXFileReference section */

/* Begin PBXFrameworksBuildPhase section */
		FBC8B1541C465BE500CF9452 /* Frameworks */ = {
			isa = PBXFrameworksBuildPhase;
			buildActionMask = 2147483647;
			files = (
			);
			runOnlyForDeploymentPostprocessing = 0;
		};
		FBC8B16D1C465BE500CF9452 /* Frameworks */ = {
			isa = PBXFrameworksBuildPhase;
			buildActionMask = 2147483647;
			files = (
			);
			runOnlyForDeploymentPostprocessing = 0;
		};
/* End PBXFrameworksBuildPhase section */

/* Begin PBXGroup section */
		FBC8B14E1C465BE500CF9452 = {
			isa = PBXGroup;
			children = (
				FBC8B1591C465BE500CF9452 /* LearnTouchID */,
				FBC8B1731C465BE500CF9452 /* LearnTouchIDTests */,
				FBC8B1581C465BE500CF9452 /* Products */,
			);
			sourceTree = "<group>";
		};
		FBC8B1581C465BE500CF9452 /* Products */ = {
			isa = PBXGroup;
			children = (
				FBC8B1571C465BE500CF9452 /* LearnTouchID.app */,
				FBC8B1701C465BE500CF9452 /* LearnTouchIDTests.xctest */,
			);
			name = Products;
			sourceTree = "<group>";
		};
		FBC8B1591C465BE500CF9452 /* LearnTouchID */ = {
			isa = PBXGroup;
			children = (
				FBC8B15E1C465BE500CF9452 /* AppDelegate.h */,
				FBC8B15F1C465BE500CF9452 /* AppDelegate.m */,
				FBC8B1611C465BE500CF9452 /* ViewController.h */,
				FBC8B1621C465BE500CF9452 /* ViewController.m */,
				FBC8B1641C465BE500CF9452 /* Main.storyboard */,
				FBC8B1671C465BE500CF9452 /* Images.xcassets */,
				FBC8B1691C465BE500CF9452 /* LaunchScreen.xib */,
				FBC8B15A1C465BE500CF9452 /* Supporting Files */,
			);
			path = LearnTouchID;
			sourceTree = "<group>";
		};
		FBC8B15A1C465BE500CF9452 /* Supporting Files */ = {
			isa = PBXGroup;
			children = (
				FBC8B15B1C465BE500CF9452 /* Info.plist */,
				FBC8B15C1C465BE500CF9452 /* main.m */,
			);
			name = "Supporting Files";
			sourceTree = "<group>";
		};
		FBC8B1731C465BE500CF9452 /* LearnTouchIDTests */ = {
			isa = PBXGroup;
			children = (
				FBC8B1761C465BE500CF9452 /* LearnTouchIDTests.m */,
				FBC8B1741C465BE500CF9452 /* Supporting Files */,
			);
			path = LearnTouchIDTests;
			sourceTree = "<group>";
		};
		FBC8B1741C465BE500CF9452 /* Supporting Files */ = {
			isa = PBXGroup;
			children = (
				FBC8B1751C465BE500CF9452 /* Info.plist */,
			);
			name = "Supporting Files";
			sourceTree = "<group>";
		};
/* End PBXGroup section */

/* Begin PBXNativeTarget section */
		FBC8B1561C465BE500CF9452 /* LearnTouchID */ = {
			isa = PBXNativeTarget;
			buildConfigurationList = FBC8B17A1C465BE500CF9452 /* Build configuration list for PBXNativeTarget "LearnTouchID" */;
			buildPhases = (
				FBC8B1531C465BE500CF9452 /* Sources */,
				FBC8B1541C465BE500CF9452 /* Frameworks */,
				FBC8B1551C465BE500CF9452 /* Resources */,
			);
			buildRules = (
			);
			dependencies = (
			);
			name = LearnTouchID;
			productName = LearnTouchID;
			productReference = FBC8B1571C465BE500CF9452 /* LearnTouchID.app */;
			productType = "com.apple.product-type.application";
		};
		FBC8B16F1C465BE500CF9452 /* LearnTouchIDTests */ = {
			isa = PBXNativeTarget;
			buildConfigurationList = FBC8B17D1C465BE500CF9452 /* Build configuration list for PBXNativeTarget "LearnTouchIDTests" */;
			buildPhases = (
				FBC8B16C1C465BE500CF9452 /* Sources */,
				FBC8B16D1C465BE500CF9452 /* Frameworks */,
				FBC8B16E1C465BE500CF9452 /* Resources */,
			);
			buildRules = (
			);
			dependencies = (
				FBC8B1721C465BE500CF9452 /* PBXTargetDependency */,
			);
			name = LearnTouchIDTests;
			productName = LearnTouchIDTests;
			productReference = FBC8B1701C465BE500CF9452 /* LearnTouchIDTests.xctest */;
			productType = "com.apple.product-type.bundle.unit-test";
		};
/* End PBXNativeTarget section */

/* Begin PBXProject section */
		FBC8B14F1C465BE500CF9452 /* Project object */ = {
			isa = PBXProject;
			attributes = {
				LastUpgradeCheck = 0630;
				ORGANIZATIONNAME = com.Alice;
				TargetAttributes = {
					FBC8B1561C465BE500CF9452 = {
						CreatedOnToolsVersion = 6.3.2;
					};
					FBC8B16F1C465BE500CF9452 = {
						CreatedOnToolsVersion = 6.3.2;
						TestTargetID = FBC8B1561C465BE500CF9452;
					};
				};
			};
			buildConfigurationList = FBC8B1521C465BE500CF9452 /* Build configuration list for PBXProject "LearnTouchID" */;
			compatibilityVersion = "Xcode 3.2";
			developmentRegion = English;
			hasScannedForEncodings = 0;
			knownRegions = (
				en,
				Base,
			);
			mainGroup = FBC8B14E1C465BE500CF9452;
			productRefGroup = FBC8B1581C465BE500CF9452 /* Products */;
			projectDirPath = "";
			projectRoot = "";
			targets = (
				FBC8B1561C465BE500CF9452 /* LearnTouchID */,
				FBC8B16F1C465BE500CF9452 /* LearnTouchIDTests */,
			);
		};
/* End PBXProject section */

/* Begin PBXResourcesBuildPhase section */
		FBC8B1551C465BE500CF9452 /* Resources */ = {
			isa = PBXResourcesBuildPhase;
			buildActionMask = 2147483647;
			files = (
				FBC8B1661C465BE500CF9452 /* Main.storyboard in Resources */,
				FBC8B16B1C465BE500CF9452 /* LaunchScreen.xib in Resources */,
				FBC8B1681C465BE500CF9452 /* Images.xcassets in Resources */,
			);
			runOnlyForDeploymentPostprocessing = 0;
		};
		FBC8B16E1C465BE500CF9452 /* Resources */ = {
			isa = PBXResourcesBuildPhase;
			buildActionMask = 2147483647;
			files = (
			);
			runOnlyForDeploymentPostprocessing = 0;
		};
/* End PBXResourcesBuildPhase section */

/* Begin PBXSourcesBuildPhase section */
		FBC8B1531C465BE500CF9452 /* Sources */ = {
			isa = PBXSourcesBuildPhase;
			buildActionMask = 2147483647;
			files = (
				FBC8B1631C465BE500CF9452 /* ViewController.m in Sources */,
				FBC8B1601C465BE500CF9452 /* AppDelegate.m in Sources */,
				FBC8B15D1C465BE500CF9452 /* main.m in Sources */,
			);
			runOnlyForDeploymentPostprocessing = 0;
		};
		FBC8B16C1C465BE500CF9452 /* Sources */ = {
			isa = PBXSourcesBuildPhase;
			buildActionMask = 2147483647;
			files = (
				FBC8B1771C465BE500CF9452 /* LearnTouchIDTests.m in Sources */,
			);
			runOnlyForDeploymentPostprocessing = 0;
		};
/* End PBXSourcesBuildPhase section */

/* Begin PBXTargetDependency section */
		FBC8B1721C465BE500CF9452 /* PBXTargetDependency */ = {
			isa = PBXTargetDependency;
			target = FBC8B1561C465BE500CF9452 /* LearnTouchID */;
			targetProxy = FBC8B1711C465BE500CF9452 /* PBXContainerItemProxy */;
		};
/* End PBXTargetDependency section */

/* Begin PBXVariantGroup section */
		FBC8B1641C465BE500CF9452 /* Main.storyboard */ = {
			isa = PBXVariantGroup;
			children = (
				FBC8B1651C465BE500CF9452 /* Base */,
			);
			name = Main.storyboard;
			sourceTree = "<group>";
		};
		FBC8B1691C465BE500CF9452 /* LaunchScreen.xib */ = {
			isa = PBXVariantGroup;
			children = (
				FBC8B16A1C465BE500CF9452 /* Base */,
			);
			name = LaunchScreen.xib;
			sourceTree = "<group>";
		};
/* End PBXVariantGroup section */

/* Begin XCBuildConfiguration section */
		FBC8B1781C465BE500CF9452 /* Debug */ = {
			isa = XCBuildConfiguration;
			buildSettings = {
				ALWAYS_SEARCH_USER_PATHS = NO;
				CLANG_CXX_LANGUAGE_STANDARD = "gnu++0x";
				CLANG_CXX_LIBRARY = "libc++";
				CLANG_ENABLE_MODULES = YES;
				CLANG_ENABLE_OBJC_ARC = YES;
				CLANG_WARN_BOOL_CONVERSION = YES;
				CLANG_WARN_CONSTANT_CONVERSION = YES;
				CLANG_WARN_DIRECT_OBJC_ISA_USAGE = YES_ERROR;
				CLANG_WARN_EMPTY_BODY = YES;
				CLANG_WARN_ENUM_CONVERSION = YES;
				CLANG_WARN_INT_CONVERSION = YES;
				CLANG_WARN_OBJC_ROOT_CLASS = YES_ERROR;
				CLANG_WARN_UNREACHABLE_CODE = YES;
				CLANG_WARN__DUPLICATE_METHOD_MATCH = YES;
				"CODE_SIGN_IDENTITY[sdk=iphoneos*]" = "iPhone Developer";
				COPY_PHASE_STRIP = NO;
				DEBUG_INFORMATION_FORMAT = "dwarf-with-dsym";
				ENABLE_STRICT_OBJC_MSGSEND = YES;
				GCC_C_LANGUAGE_STANDARD = gnu99;
				GCC_DYNAMIC_NO_PIC = NO;
				GCC_NO_COMMON_BLOCKS = YES;
				GCC_OPTIMIZATION_LEVEL = 0;
				GCC_PREPROCESSOR_DEFINITIONS = (
					"DEBUG=1",
					"$(inherited)",
				);
				GCC_SYMBOLS_PRIVATE_EXTERN = NO;
				GCC_WARN_64_TO_32_BIT_CONVERSION = YES;
				GCC_WARN_ABOUT_RETURN_TYPE = YES_ERROR;
				GCC_WARN_UNDECLARED_SELECTOR = YES;
				GCC_WARN_UNINITIALIZED_AUTOS = YES_AGGRESSIVE;
				GCC_WARN_UNUSED_FUNCTION = YES;
				GCC_WARN_UNUSED_VARIABLE = YES;
				IPHONEOS_DEPLOYMENT_TARGET = 8.3;
				MTL_ENABLE_DEBUG_INFO = YES;
				ONLY_ACTIVE_ARCH = YES;
				SDKROOT = iphoneos;
			};
			name = Debug;
		};
		FBC8B1791C465BE500CF9452 /* Release */ = {
			isa = XCBuildConfiguration;
			buildSettings = {
				ALWAYS_SEARCH_USER_PATHS = NO;
				CLANG_CXX_LANGUAGE_STANDARD = "gnu++0x";
				CLANG_CXX_LIBRARY = "libc++";
				CLANG_ENABLE_MODULES = YES;
				CLANG_ENABLE_OBJC_ARC = YES;
				CLANG_WARN_BOOL_CONVERSION = YES;
				CLANG_WARN_CONSTANT_CONVERSION = YES;
				CLANG_WARN_DIRECT_OBJC_ISA_USAGE = YES_ERROR;
				CLANG_WARN_EMPTY_BODY = YES;
				CLANG_WARN_ENUM_CONVERSION = YES;
				CLANG_WARN_INT_CONVERSION = YES;
				CLANG_WARN_OBJC_ROOT_CLASS = YES_ERROR;
				CLANG_WARN_UNREACHABLE_CODE = YES;
				CLANG_WARN__DUPLICATE_METHOD_MATCH = YES;
				"CODE_SIGN_IDENTITY[sdk=iphoneos*]" = "iPhone Developer";
				COPY_PHASE_STRIP = NO;
				DEBUG_INFORMATION_FORMAT = "dwarf-with-dsym";
				ENABLE_NS_ASSERTIONS = NO;
				ENABLE_STRICT_OBJC_MSGSEND = YES;
				GCC_C_LANGUAGE_STANDARD = gnu99;
				GCC_NO_COMMON_BLOCKS = YES;
				GCC_WARN_64_TO_32_BIT_CONVERSION = YES;
				GCC_WARN_ABOUT_RETURN_TYPE = YES_ERROR;
				GCC_WARN_UNDECLARED_SELECTOR = YES;
				GCC_WARN_UNINITIALIZED_AUTOS = YES_AGGRESSIVE;
				GCC_WARN_UNUSED_FUNCTION = YES;
				GCC_WARN_UNUSED_VARIABLE = YES;
				IPHONEOS_DEPLOYMENT_TARGET = 8.3;
				MTL_ENABLE_DEBUG_INFO = NO;
				SDKROOT = iphoneos;
				VALIDATE_PRODUCT = YES;
			};
			name = Release;
		};
		FBC8B17B1C465BE500CF9452 /* Debug */ = {
			isa = XCBuildConfiguration;
			buildSettings = {
				ASSETCATALOG_COMPILER_APPICON_NAME = AppIcon;
				INFOPLIST_FILE = LearnTouchID/Info.plist;
				LD_RUNPATH_SEARCH_PATHS = "$(inherited) @executable_path/Frameworks";
				PRODUCT_NAME = "$(TARGET_NAME)";
			};
			name = Debug;
		};
		FBC8B17C1C465BE500CF9452 /* Release */ = {
			isa = XCBuildConfiguration;
			buildSettings = {
				ASSETCATALOG_COMPILER_APPICON_NAME = AppIcon;
				INFOPLIST_FILE = LearnTouchID/Info.plist;
				LD_RUNPATH_SEARCH_PATHS = "$(inherited) @executable_path/Frameworks";
				PRODUCT_NAME = "$(TARGET_NAME)";
			};
			name = Release;
		};
		FBC8B17E1C465BE500CF9452 /* Debug */ = {
			isa = XCBuildConfiguration;
			buildSettings = {
				BUNDLE_LOADER = "$(TEST_HOST)";
				FRAMEWORK_SEARCH_PATHS = (
					"$(SDKROOT)/Developer/Library/Frameworks",
					"$(inherited)",
				);
				GCC_PREPROCESSOR_DEFINITIONS = (
					"DEBUG=1",
					"$(inherited)",
				);
				INFOPLIST_FILE = LearnTouchIDTests/Info.plist;
				LD_RUNPATH_SEARCH_PATHS = "$(inherited) @executable_path/Frameworks @loader_path/Frameworks";
				PRODUCT_NAME = "$(TARGET_NAME)";
				TEST_HOST = "$(BUILT_PRODUCTS_DIR)/LearnTouchID.app/LearnTouchID";
			};
			name = Debug;
		};
		FBC8B17F1C465BE500CF9452 /* Release */ = {
			isa = XCBuildConfiguration;
			buildSettings = {
				BUNDLE_LOADER = "$(TEST_HOST)";
				FRAMEWORK_SEARCH_PATHS = (
					"$(SDKROOT)/Developer/Library/Frameworks",
					"$(inherited)",
				);
				INFOPLIST_FILE = LearnTouchIDTests/Info.plist;
				LD_RUNPATH_SEARCH_PATHS = "$(inherited) @executable_path/Frameworks @loader_path/Frameworks";
				PRODUCT_NAME = "$(TARGET_NAME)";
				TEST_HOST = "$(BUILT_PRODUCTS_DIR)/LearnTouchID.app/LearnTouchID";
			};
			name = Release;
		};
/* End XCBuildConfiguration section */

/* Begin XCConfigurationList section */
		FBC8B1521C465BE500CF9452 /* Build configuration list for PBXProject "LearnTouchID" */ = {
			isa = XCConfigurationList;
			buildConfigurations = (
				FBC8B1781C465BE500CF9452 /* Debug */,
				FBC8B1791C465BE500CF9452 /* Release */,
			);
			defaultConfigurationIsVisible = 0;
			defaultConfigurationName = Release;
		};
		FBC8B17A1C465BE500CF9452 /* Build configuration list for PBXNativeTarget "LearnTouchID" */ = {
			isa = XCConfigurationList;
			buildConfigurations = (
				FBC8B17B1C465BE500CF9452 /* Debug */,
				FBC8B17C1C465BE500CF9452 /* Release */,
			);
			defaultConfigurationIsVisible = 0;
		};
		FBC8B17D1C465BE500CF9452 /* Build configuration list for PBXNativeTarget "LearnTouchIDTests" */ = {
			isa = XCConfigurationList;
			buildConfigurations = (
				FBC8B17E1C465BE500CF9452 /* Debug */,
				FBC8B17F1C465BE500CF9452 /* Release */,
			);
			defaultConfigurationIsVisible = 0;
		};
/* End XCConfigurationList section */
	};
	rootObject = FBC8B14F1C465BE500CF9452 /* Project object */;
}
